// !$*UTF8*$!
{
	archiveVersion = 1;
	classes = {
	};
	objectVersion = 46;
	objects = {

/* Begin PBXBuildFile section */
		7BCBDAF51DC1B46A000A2D6E /* mhx.db in Resources */ = {isa = PBXBuildFile; fileRef = 7BCBDAF41DC1B46A000A2D6E /* mhx.db */; };
		7BCBDAFD1DC27110000A2D6E /* SearchResultTableViewCell.swift in Sources */ = {isa = PBXBuildFile; fileRef = 7BCBDAFC1DC27110000A2D6E /* SearchResultTableViewCell.swift */; };
		7BCBDAFF1DC2916A000A2D6E /* ResultTableViewController.swift in Sources */ = {isa = PBXBuildFile; fileRef = 7BCBDAFE1DC2916A000A2D6E /* ResultTableViewController.swift */; };
		7BCBDB011DC292BA000A2D6E /* Result.swift in Sources */ = {isa = PBXBuildFile; fileRef = 7BCBDB001DC292BA000A2D6E /* Result.swift */; };
		7BCBDB021DC292BA000A2D6E /* Result.swift in Sources */ = {isa = PBXBuildFile; fileRef = 7BCBDB001DC292BA000A2D6E /* Result.swift */; };
		7BCBDB041DC29EEF000A2D6E /* libsqlite3.tbd in Frameworks */ = {isa = PBXBuildFile; fileRef = 7BCBDB031DC29EEF000A2D6E /* libsqlite3.tbd */; };
		7BF2A6351DBAD4370009C103 /* AppDelegate.swift in Sources */ = {isa = PBXBuildFile; fileRef = 7BF2A6341DBAD4370009C103 /* AppDelegate.swift */; };
		7BF2A6371DBAD4370009C103 /* ViewController.swift in Sources */ = {isa = PBXBuildFile; fileRef = 7BF2A6361DBAD4370009C103 /* ViewController.swift */; };
		7BF2A63A1DBAD4370009C103 /* Main.storyboard in Resources */ = {isa = PBXBuildFile; fileRef = 7BF2A6381DBAD4370009C103 /* Main.storyboard */; };
		7BF2A63C1DBAD4370009C103 /* Assets.xcassets in Resources */ = {isa = PBXBuildFile; fileRef = 7BF2A63B1DBAD4370009C103 /* Assets.xcassets */; };
		7BF2A63F1DBAD4370009C103 /* LaunchScreen.storyboard in Resources */ = {isa = PBXBuildFile; fileRef = 7BF2A63D1DBAD4370009C103 /* LaunchScreen.storyboard */; };
		7BF2A64A1DBAD4380009C103 /* mhxdb_draftTests.swift in Sources */ = {isa = PBXBuildFile; fileRef = 7BF2A6491DBAD4380009C103 /* mhxdb_draftTests.swift */; };
		7BF2A6AA1DBFD0150009C103 /* FMDatabase.m in Sources */ = {isa = PBXBuildFile; fileRef = 7BF2A6A01DBFD0150009C103 /* FMDatabase.m */; settings = {COMPILER_FLAGS = "-fno-objc-arc"; }; };
		7BF2A6AB1DBFD0150009C103 /* FMDatabaseAdditions.m in Sources */ = {isa = PBXBuildFile; fileRef = 7BF2A6A21DBFD0150009C103 /* FMDatabaseAdditions.m */; settings = {COMPILER_FLAGS = "-fno-objc-arc"; }; };
		7BF2A6AC1DBFD0150009C103 /* FMDatabasePool.m in Sources */ = {isa = PBXBuildFile; fileRef = 7BF2A6A41DBFD0150009C103 /* FMDatabasePool.m */; settings = {COMPILER_FLAGS = "-fno-objc-arc"; }; };
		7BF2A6AD1DBFD0150009C103 /* FMDatabaseQueue.m in Sources */ = {isa = PBXBuildFile; fileRef = 7BF2A6A61DBFD0150009C103 /* FMDatabaseQueue.m */; settings = {COMPILER_FLAGS = "-fno-objc-arc"; }; };
		7BF2A6AE1DBFD0150009C103 /* FMResultSet.m in Sources */ = {isa = PBXBuildFile; fileRef = 7BF2A6A91DBFD0150009C103 /* FMResultSet.m */; settings = {COMPILER_FLAGS = "-fno-objc-arc"; }; };
/* End PBXBuildFile section */

/* Begin PBXContainerItemProxy section */
		7BF2A6461DBAD4380009C103 /* PBXContainerItemProxy */ = {
			isa = PBXContainerItemProxy;
			containerPortal = 7BF2A6291DBAD4370009C103 /* Project object */;
			proxyType = 1;
			remoteGlobalIDString = 7BF2A6301DBAD4370009C103;
			remoteInfo = "mhxdb-draft";
		};
/* End PBXContainerItemProxy section */

/* Begin PBXFileReference section */
		7BCBDAF41DC1B46A000A2D6E /* mhx.db */ = {isa = PBXFileReference; lastKnownFileType = file; path = mhx.db; sourceTree = "<group>"; };
		7BCBDAFC1DC27110000A2D6E /* SearchResultTableViewCell.swift */ = {isa = PBXFileReference; fileEncoding = 4; lastKnownFileType = sourcecode.swift; path = SearchResultTableViewCell.swift; sourceTree = "<group>"; };
		7BCBDAFE1DC2916A000A2D6E /* ResultTableViewController.swift */ = {isa = PBXFileReference; fileEncoding = 4; lastKnownFileType = sourcecode.swift; path = ResultTableViewController.swift; sourceTree = "<group>"; };
		7BCBDB001DC292BA000A2D6E /* Result.swift */ = {isa = PBXFileReference; fileEncoding = 4; lastKnownFileType = sourcecode.swift; path = Result.swift; sourceTree = "<group>"; };
		7BCBDB031DC29EEF000A2D6E /* libsqlite3.tbd */ = {isa = PBXFileReference; lastKnownFileType = "sourcecode.text-based-dylib-definition"; name = libsqlite3.tbd; path = usr/lib/libsqlite3.tbd; sourceTree = SDKROOT; };
		7BF2A6311DBAD4370009C103 /* mhxdb-draft.app */ = {isa = PBXFileReference; explicitFileType = wrapper.application; includeInIndex = 0; path = "mhxdb-draft.app"; sourceTree = BUILT_PRODUCTS_DIR; };
		7BF2A6341DBAD4370009C103 /* AppDelegate.swift */ = {isa = PBXFileReference; lastKnownFileType = sourcecode.swift; path = AppDelegate.swift; sourceTree = "<group>"; };
		7BF2A6361DBAD4370009C103 /* ViewController.swift */ = {isa = PBXFileReference; lastKnownFileType = sourcecode.swift; path = ViewController.swift; sourceTree = "<group>"; };
		7BF2A6391DBAD4370009C103 /* Base */ = {isa = PBXFileReference; lastKnownFileType = file.storyboard; name = Base; path = Base.lproj/Main.storyboard; sourceTree = "<group>"; };
		7BF2A63B1DBAD4370009C103 /* Assets.xcassets */ = {isa = PBXFileReference; lastKnownFileType = folder.assetcatalog; path = Assets.xcassets; sourceTree = "<group>"; };
		7BF2A63E1DBAD4370009C103 /* Base */ = {isa = PBXFileReference; lastKnownFileType = file.storyboard; name = Base; path = Base.lproj/LaunchScreen.storyboard; sourceTree = "<group>"; };
		7BF2A6401DBAD4370009C103 /* Info.plist */ = {isa = PBXFileReference; lastKnownFileType = text.plist.xml; path = Info.plist; sourceTree = "<group>"; };
		7BF2A6451DBAD4380009C103 /* mhxdb-draftTests.xctest */ = {isa = PBXFileReference; explicitFileType = wrapper.cfbundle; includeInIndex = 0; path = "mhxdb-draftTests.xctest"; sourceTree = BUILT_PRODUCTS_DIR; };
		7BF2A6491DBAD4380009C103 /* mhxdb_draftTests.swift */ = {isa = PBXFileReference; lastKnownFileType = sourcecode.swift; path = mhxdb_draftTests.swift; sourceTree = "<group>"; };
		7BF2A64B1DBAD4380009C103 /* Info.plist */ = {isa = PBXFileReference; lastKnownFileType = text.plist.xml; path = Info.plist; sourceTree = "<group>"; };
		7BF2A69E1DBFD0150009C103 /* mhxdb-draft-Bridging-Header.h */ = {isa = PBXFileReference; lastKnownFileType = sourcecode.c.h; path = "mhxdb-draft-Bridging-Header.h"; sourceTree = "<group>"; };
		7BF2A69F1DBFD0150009C103 /* FMDatabase.h */ = {isa = PBXFileReference; fileEncoding = 4; lastKnownFileType = sourcecode.c.h; path = FMDatabase.h; sourceTree = "<group>"; };
		7BF2A6A01DBFD0150009C103 /* FMDatabase.m */ = {isa = PBXFileReference; fileEncoding = 4; lastKnownFileType = sourcecode.c.objc; path = FMDatabase.m; sourceTree = "<group>"; };
		7BF2A6A11DBFD0150009C103 /* FMDatabaseAdditions.h */ = {isa = PBXFileReference; fileEncoding = 4; lastKnownFileType = sourcecode.c.h; path = FMDatabaseAdditions.h; sourceTree = "<group>"; };
		7BF2A6A21DBFD0150009C103 /* FMDatabaseAdditions.m */ = {isa = PBXFileReference; fileEncoding = 4; lastKnownFileType = sourcecode.c.objc; path = FMDatabaseAdditions.m; sourceTree = "<group>"; };
		7BF2A6A31DBFD0150009C103 /* FMDatabasePool.h */ = {isa = PBXFileReference; fileEncoding = 4; lastKnownFileType = sourcecode.c.h; path = FMDatabasePool.h; sourceTree = "<group>"; };
		7BF2A6A41DBFD0150009C103 /* FMDatabasePool.m */ = {isa = PBXFileReference; fileEncoding = 4; lastKnownFileType = sourcecode.c.objc; path = FMDatabasePool.m; sourceTree = "<group>"; };
		7BF2A6A51DBFD0150009C103 /* FMDatabaseQueue.h */ = {isa = PBXFileReference; fileEncoding = 4; lastKnownFileType = sourcecode.c.h; path = FMDatabaseQueue.h; sourceTree = "<group>"; };
		7BF2A6A61DBFD0150009C103 /* FMDatabaseQueue.m */ = {isa = PBXFileReference; fileEncoding = 4; lastKnownFileType = sourcecode.c.objc; path = FMDatabaseQueue.m; sourceTree = "<group>"; };
		7BF2A6A71DBFD0150009C103 /* FMDB.h */ = {isa = PBXFileReference; fileEncoding = 4; lastKnownFileType = sourcecode.c.h; path = FMDB.h; sourceTree = "<group>"; };
		7BF2A6A81DBFD0150009C103 /* FMResultSet.h */ = {isa = PBXFileReference; fileEncoding = 4; lastKnownFileType = sourcecode.c.h; path = FMResultSet.h; sourceTree = "<group>"; };
		7BF2A6A91DBFD0150009C103 /* FMResultSet.m */ = {isa = PBXFileReference; fileEncoding = 4; lastKnownFileType = sourcecode.c.objc; path = FMResultSet.m; sourceTree = "<group>"; };
/* End PBXFileReference section */

/* Begin PBXFrameworksBuildPhase section */
		7BF2A62E1DBAD4370009C103 /* Frameworks */ = {
			isa = PBXFrameworksBuildPhase;
			buildActionMask = 2147483647;
			files = (
				7BCBDB041DC29EEF000A2D6E /* libsqlite3.tbd in Frameworks */,
			);
			runOnlyForDeploymentPostprocessing = 0;
		};
		7BF2A6421DBAD4380009C103 /* Frameworks */ = {
			isa = PBXFrameworksBuildPhase;
			buildActionMask = 2147483647;
			files = (
			);
			runOnlyForDeploymentPostprocessing = 0;
		};
/* End PBXFrameworksBuildPhase section */

/* Begin PBXGroup section */
		7BF2A6281DBAD4370009C103 = {
			isa = PBXGroup;
			children = (
				7BF2A6331DBAD4370009C103 /* mhxdb-draft */,
				7BF2A6481DBAD4380009C103 /* mhxdb-draftTests */,
				7BF2A6321DBAD4370009C103 /* Products */,
				7BF2A6541DBC59850009C103 /* Frameworks */,
			);
			sourceTree = "<group>";
		};
		7BF2A6321DBAD4370009C103 /* Products */ = {
			isa = PBXGroup;
			children = (
				7BF2A6311DBAD4370009C103 /* mhxdb-draft.app */,
				7BF2A6451DBAD4380009C103 /* mhxdb-draftTests.xctest */,
			);
			name = Products;
			sourceTree = "<group>";
		};
		7BF2A6331DBAD4370009C103 /* mhxdb-draft */ = {
			isa = PBXGroup;
			children = (
				7BCBDAF41DC1B46A000A2D6E /* mhx.db */,
				7BF2A69F1DBFD0150009C103 /* FMDatabase.h */,
				7BF2A6A01DBFD0150009C103 /* FMDatabase.m */,
				7BF2A6A11DBFD0150009C103 /* FMDatabaseAdditions.h */,
				7BF2A6A21DBFD0150009C103 /* FMDatabaseAdditions.m */,
				7BF2A6A31DBFD0150009C103 /* FMDatabasePool.h */,
				7BF2A6A41DBFD0150009C103 /* FMDatabasePool.m */,
				7BF2A6A51DBFD0150009C103 /* FMDatabaseQueue.h */,
				7BF2A6A61DBFD0150009C103 /* FMDatabaseQueue.m */,
				7BF2A6A71DBFD0150009C103 /* FMDB.h */,
				7BF2A6A81DBFD0150009C103 /* FMResultSet.h */,
				7BF2A6A91DBFD0150009C103 /* FMResultSet.m */,
				7BF2A6341DBAD4370009C103 /* AppDelegate.swift */,
				7BF2A6361DBAD4370009C103 /* ViewController.swift */,
				7BF2A6381DBAD4370009C103 /* Main.storyboard */,
				7BCBDAFE1DC2916A000A2D6E /* ResultTableViewController.swift */,
				7BF2A63B1DBAD4370009C103 /* Assets.xcassets */,
				7BF2A63D1DBAD4370009C103 /* LaunchScreen.storyboard */,
				7BF2A6401DBAD4370009C103 /* Info.plist */,
				7BF2A69E1DBFD0150009C103 /* mhxdb-draft-Bridging-Header.h */,
				7BCBDAFC1DC27110000A2D6E /* SearchResultTableViewCell.swift */,
				7BCBDB001DC292BA000A2D6E /* Result.swift */,
			);
			path = "mhxdb-draft";
			sourceTree = "<group>";
		};
		7BF2A6481DBAD4380009C103 /* mhxdb-draftTests */ = {
			isa = PBXGroup;
			children = (
				7BF2A6491DBAD4380009C103 /* mhxdb_draftTests.swift */,
				7BF2A64B1DBAD4380009C103 /* Info.plist */,
			);
			path = "mhxdb-draftTests";
			sourceTree = "<group>";
		};
		7BF2A6541DBC59850009C103 /* Frameworks */ = {
			isa = PBXGroup;
			children = (
				7BCBDB031DC29EEF000A2D6E /* libsqlite3.tbd */,
			);
			name = Frameworks;
			sourceTree = "<group>";
		};
/* End PBXGroup section */

/* Begin PBXNativeTarget section */
		7BF2A6301DBAD4370009C103 /* mhxdb-draft */ = {
			isa = PBXNativeTarget;
			buildConfigurationList = 7BF2A64E1DBAD4380009C103 /* Build configuration list for PBXNativeTarget "mhxdb-draft" */;
			buildPhases = (
				7BF2A62D1DBAD4370009C103 /* Sources */,
				7BF2A62E1DBAD4370009C103 /* Frameworks */,
				7BF2A62F1DBAD4370009C103 /* Resources */,
			);
			buildRules = (
			);
			dependencies = (
			);
			name = "mhxdb-draft";
			productName = "mhxdb-draft";
			productReference = 7BF2A6311DBAD4370009C103 /* mhxdb-draft.app */;
			productType = "com.apple.product-type.application";
		};
		7BF2A6441DBAD4380009C103 /* mhxdb-draftTests */ = {
			isa = PBXNativeTarget;
			buildConfigurationList = 7BF2A6511DBAD4380009C103 /* Build configuration list for PBXNativeTarget "mhxdb-draftTests" */;
			buildPhases = (
				7BF2A6411DBAD4380009C103 /* Sources */,
				7BF2A6421DBAD4380009C103 /* Frameworks */,
				7BF2A6431DBAD4380009C103 /* Resources */,
			);
			buildRules = (
			);
			dependencies = (
				7BF2A6471DBAD4380009C103 /* PBXTargetDependency */,
			);
			name = "mhxdb-draftTests";
			productName = "mhxdb-draftTests";
			productReference = 7BF2A6451DBAD4380009C103 /* mhxdb-draftTests.xctest */;
			productType = "com.apple.product-type.bundle.unit-test";
		};
/* End PBXNativeTarget section */

/* Begin PBXProject section */
		7BF2A6291DBAD4370009C103 /* Project object */ = {
			isa = PBXProject;
			attributes = {
				LastSwiftUpdateCheck = 0800;
				LastUpgradeCheck = 0800;
				ORGANIZATIONNAME = "Yimu Gao";
				TargetAttributes = {
					7BF2A6301DBAD4370009C103 = {
						CreatedOnToolsVersion = 8.0;
						LastSwiftMigration = 0800;
						ProvisioningStyle = Automatic;
					};
					7BF2A6441DBAD4380009C103 = {
						CreatedOnToolsVersion = 8.0;
						ProvisioningStyle = Automatic;
						TestTargetID = 7BF2A6301DBAD4370009C103;
					};
				};
			};
			buildConfigurationList = 7BF2A62C1DBAD4370009C103 /* Build configuration list for PBXProject "mhxdb-draft" */;
			compatibilityVersion = "Xcode 3.2";
			developmentRegion = English;
			hasScannedForEncodings = 0;
			knownRegions = (
				en,
				Base,
			);
			mainGroup = 7BF2A6281DBAD4370009C103;
			productRefGroup = 7BF2A6321DBAD4370009C103 /* Products */;
			projectDirPath = "";
			projectRoot = "";
			targets = (
				7BF2A6301DBAD4370009C103 /* mhxdb-draft */,
				7BF2A6441DBAD4380009C103 /* mhxdb-draftTests */,
			);
		};
/* End PBXProject section */

/* Begin PBXResourcesBuildPhase section */
		7BF2A62F1DBAD4370009C103 /* Resources */ = {
			isa = PBXResourcesBuildPhase;
			buildActionMask = 2147483647;
			files = (
				7BF2A63F1DBAD4370009C103 /* LaunchScreen.storyboard in Resources */,
				7BF2A63C1DBAD4370009C103 /* Assets.xcassets in Resources */,
				7BF2A63A1DBAD4370009C103 /* Main.storyboard in Resources */,
				7BCBDAF51DC1B46A000A2D6E /* mhx.db in Resources */,
			);
			runOnlyForDeploymentPostprocessing = 0;
		};
		7BF2A6431DBAD4380009C103 /* Resources */ = {
			isa = PBXResourcesBuildPhase;
			buildActionMask = 2147483647;
			files = (
			);
			runOnlyForDeploymentPostprocessing = 0;
		};
/* End PBXResourcesBuildPhase section */

/* Begin PBXSourcesBuildPhase section */
		7BF2A62D1DBAD4370009C103 /* Sources */ = {
			isa = PBXSourcesBuildPhase;
			buildActionMask = 2147483647;
			files = (
				7BF2A6AA1DBFD0150009C103 /* FMDatabase.m in Sources */,
				7BF2A6371DBAD4370009C103 /* ViewController.swift in Sources */,
				7BCBDAFD1DC27110000A2D6E /* SearchResultTableViewCell.swift in Sources */,
				7BF2A6AE1DBFD0150009C103 /* FMResultSet.m in Sources */,
				7BF2A6AC1DBFD0150009C103 /* FMDatabasePool.m in Sources */,
				7BCBDAFF1DC2916A000A2D6E /* ResultTableViewController.swift in Sources */,
				7BCBDB011DC292BA000A2D6E /* Result.swift in Sources */,
				7BF2A6351DBAD4370009C103 /* AppDelegate.swift in Sources */,
				7BF2A6AB1DBFD0150009C103 /* FMDatabaseAdditions.m in Sources */,
				7BF2A6AD1DBFD0150009C103 /* FMDatabaseQueue.m in Sources */,
			);
			runOnlyForDeploymentPostprocessing = 0;
		};
		7BF2A6411DBAD4380009C103 /* Sources */ = {
			isa = PBXSourcesBuildPhase;
			buildActionMask = 2147483647;
			files = (
				7BCBDB021DC292BA000A2D6E /* Result.swift in Sources */,
				7BF2A64A1DBAD4380009C103 /* mhxdb_draftTests.swift in Sources */,
			);
			runOnlyForDeploymentPostprocessing = 0;
		};
/* End PBXSourcesBuildPhase section */

/* Begin PBXTargetDependency section */
		7BF2A6471DBAD4380009C103 /* PBXTargetDependency */ = {
			isa = PBXTargetDependency;
			target = 7BF2A6301DBAD4370009C103 /* mhxdb-draft */;
			targetProxy = 7BF2A6461DBAD4380009C103 /* PBXContainerItemProxy */;
		};
/* End PBXTargetDependency section */

/* Begin PBXVariantGroup section */
		7BF2A6381DBAD4370009C103 /* Main.storyboard */ = {
			isa = PBXVariantGroup;
			children = (
				7BF2A6391DBAD4370009C103 /* Base */,
			);
			name = Main.storyboard;
			sourceTree = "<group>";
		};
		7BF2A63D1DBAD4370009C103 /* LaunchScreen.storyboard */ = {
			isa = PBXVariantGroup;
			children = (
				7BF2A63E1DBAD4370009C103 /* Base */,
			);
			name = LaunchScreen.storyboard;
			sourceTree = "<group>";
		};
/* End PBXVariantGroup section */

/* Begin XCBuildConfiguration section */
		7BF2A64C1DBAD4380009C103 /* Debug */ = {
			isa = XCBuildConfiguration;
			buildSettings = {
				ALWAYS_SEARCH_USER_PATHS = NO;
				CLANG_ANALYZER_NONNULL = YES;
				CLANG_CXX_LANGUAGE_STANDARD = "gnu++0x";
				CLANG_CXX_LIBRARY = "libc++";
				CLANG_ENABLE_MODULES = YES;
				CLANG_ENABLE_OBJC_ARC = YES;
				CLANG_WARN_BOOL_CONVERSION = YES;
				CLANG_WARN_CONSTANT_CONVERSION = YES;
				CLANG_WARN_DIRECT_OBJC_ISA_USAGE = YES_ERROR;
				CLANG_WARN_DOCUMENTATION_COMMENTS = YES;
				CLANG_WARN_EMPTY_BODY = YES;
				CLANG_WARN_ENUM_CONVERSION = YES;
				CLANG_WARN_INFINITE_RECURSION = YES;
				CLANG_WARN_INT_CONVERSION = YES;
				CLANG_WARN_OBJC_ROOT_CLASS = YES_ERROR;
				CLANG_WARN_SUSPICIOUS_MOVES = YES;
				CLANG_WARN_UNREACHABLE_CODE = YES;
				CLANG_WARN__DUPLICATE_METHOD_MATCH = YES;
				"CODE_SIGN_IDENTITY[sdk=iphoneos*]" = "iPhone Developer";
				COPY_PHASE_STRIP = NO;
				DEBUG_INFORMATION_FORMAT = dwarf;
				ENABLE_STRICT_OBJC_MSGSEND = YES;
				ENABLE_TESTABILITY = YES;
				GCC_C_LANGUAGE_STANDARD = gnu99;
				GCC_DYNAMIC_NO_PIC = NO;
				GCC_NO_COMMON_BLOCKS = YES;
				GCC_OPTIMIZATION_LEVEL = 0;
				GCC_PREPROCESSOR_DEFINITIONS = (
					"DEBUG=1",
					"$(inherited)",
				);
				GCC_WARN_64_TO_32_BIT_CONVERSION = YES;
				GCC_WARN_ABOUT_RETURN_TYPE = YES_ERROR;
				GCC_WARN_UNDECLARED_SELECTOR = YES;
				GCC_WARN_UNINITIALIZED_AUTOS = YES_AGGRESSIVE;
				GCC_WARN_UNUSED_FUNCTION = YES;
				GCC_WARN_UNUSED_VARIABLE = YES;
				IPHONEOS_DEPLOYMENT_TARGET = 10.0;
				MTL_ENABLE_DEBUG_INFO = YES;
				ONLY_ACTIVE_ARCH = YES;
				SDKROOT = iphoneos;
				SWIFT_ACTIVE_COMPILATION_CONDITIONS = DEBUG;
				SWIFT_OPTIMIZATION_LEVEL = "-Onone";
				TARGETED_DEVICE_FAMILY = "1,2";
			};
			name = Debug;
		};
		7BF2A64D1DBAD4380009C103 /* Release */ = {
			isa = XCBuildConfiguration;
			buildSettings = {
				ALWAYS_SEARCH_USER_PATHS = NO;
				CLANG_ANALYZER_NONNULL = YES;
				CLANG_CXX_LANGUAGE_STANDARD = "gnu++0x";
				CLANG_CXX_LIBRARY = "libc++";
				CLANG_ENABLE_MODULES = YES;
				CLANG_ENABLE_OBJC_ARC = YES;
				CLANG_WARN_BOOL_CONVERSION = YES;
				CLANG_WARN_CONSTANT_CONVERSION = YES;
				CLANG_WARN_DIRECT_OBJC_ISA_USAGE = YES_ERROR;
				CLANG_WARN_DOCUMENTATION_COMMENTS = YES;
				CLANG_WARN_EMPTY_BODY = YES;
				CLANG_WARN_ENUM_CONVERSION = YES;
				CLANG_WARN_INFINITE_RECURSION = YES;
				CLANG_WARN_INT_CONVERSION = YES;
				CLANG_WARN_OBJC_ROOT_CLASS = YES_ERROR;
				CLANG_WARN_SUSPICIOUS_MOVES = YES;
				CLANG_WARN_UNREACHABLE_CODE = YES;
				CLANG_WARN__DUPLICATE_METHOD_MATCH = YES;
				"CODE_SIGN_IDENTITY[sdk=iphoneos*]" = "iPhone Developer";
				COPY_PHASE_STRIP = NO;
				DEBUG_INFORMATION_FORMAT = "dwarf-with-dsym";
				ENABLE_NS_ASSERTIONS = NO;
				ENABLE_STRICT_OBJC_MSGSEND = YES;
				GCC_C_LANGUAGE_STANDARD = gnu99;
				GCC_NO_COMMON_BLOCKS = YES;
				GCC_WARN_64_TO_32_BIT_CONVERSION = YES;
				GCC_WARN_ABOUT_RETURN_TYPE = YES_ERROR;
				GCC_WARN_UNDECLARED_SELECTOR = YES;
				GCC_WARN_UNINITIALIZED_AUTOS = YES_AGGRESSIVE;
				GCC_WARN_UNUSED_FUNCTION = YES;
				GCC_WARN_UNUSED_VARIABLE = YES;
				IPHONEOS_DEPLOYMENT_TARGET = 10.0;
				MTL_ENABLE_DEBUG_INFO = NO;
				SDKROOT = iphoneos;
				SWIFT_OPTIMIZATION_LEVEL = "-Owholemodule";
				TARGETED_DEVICE_FAMILY = "1,2";
				VALIDATE_PRODUCT = YES;
			};
			name = Release;
		};
		7BF2A64F1DBAD4380009C103 /* Debug */ = {
			isa = XCBuildConfiguration;
			buildSettings = {
				ASSETCATALOG_COMPILER_APPICON_NAME = AppIcon;
				CLANG_ENABLE_MODULES = YES;
				INFOPLIST_FILE = "mhxdb-draft/Info.plist";
				LD_RUNPATH_SEARCH_PATHS = "$(inherited) @executable_path/Frameworks";
				LIBRARY_SEARCH_PATHS = (
					"$(inherited)",
					"$(PROJECT_DIR)/mhxdb-draft",
				);
				PRODUCT_BUNDLE_IDENTIFIER = "com.delphox.mhxdb-draft";
				PRODUCT_NAME = "$(TARGET_NAME)";
				SWIFT_OBJC_BRIDGING_HEADER = "mhxdb-draft/mhxdb-draft-Bridging-Header.h";
				SWIFT_OPTIMIZATION_LEVEL = "-Onone";
				SWIFT_VERSION = 3.0;
			};
			name = Debug;
		};
		7BF2A6501DBAD4380009C103 /* Release */ = {
			isa = XCBuildConfiguration;
			buildSettings = {
				ASSETCATALOG_COMPILER_APPICON_NAME = AppIcon;
				CLANG_ENABLE_MODULES = YES;
				INFOPLIST_FILE = "mhxdb-draft/Info.plist";
				LD_RUNPATH_SEARCH_PATHS = "$(inherited) @executable_path/Frameworks";
				LIBRARY_SEARCH_PATHS = (
					"$(inherited)",
					"$(PROJECT_DIR)/mhxdb-draft",
				);
				PRODUCT_BUNDLE_IDENTIFIER = "com.delphox.mhxdb-draft";
				PRODUCT_NAME = "$(TARGET_NAME)";
				SWIFT_OBJC_BRIDGING_HEADER = "mhxdb-draft/mhxdb-draft-Bridging-Header.h";
				SWIFT_VERSION = 3.0;
			};
			name = Release;
		};
		7BF2A6521DBAD4380009C103 /* Debug */ = {
			isa = XCBuildConfiguration;
			buildSettings = {
				ALWAYS_EMBED_SWIFT_STANDARD_LIBRARIES = YES;
				BUNDLE_LOADER = "$(TEST_HOST)";
				INFOPLIST_FILE = "mhxdb-draftTests/Info.plist";
				LD_RUNPATH_SEARCH_PATHS = "$(inherited) @executable_path/Frameworks @loader_path/Frameworks";
				PRODUCT_BUNDLE_IDENTIFIER = "com.delphox.mhxdb-draftTests";
				PRODUCT_NAME = "$(TARGET_NAME)";
				SWIFT_VERSION = 3.0;
				TEST_HOST = "$(BUILT_PRODUCTS_DIR)/mhxdb-draft.app/mhxdb-draft";
			};
			name = Debug;
		};
		7BF2A6531DBAD4380009C103 /* Release */ = {
			isa = XCBuildConfiguration;
			buildSettings = {
				ALWAYS_EMBED_SWIFT_STANDARD_LIBRARIES = YES;
				BUNDLE_LOADER = "$(TEST_HOST)";
				INFOPLIST_FILE = "mhxdb-draftTests/Info.plist";
				LD_RUNPATH_SEARCH_PATHS = "$(inherited) @executable_path/Frameworks @loader_path/Frameworks";
				PRODUCT_BUNDLE_IDENTIFIER = "com.delphox.mhxdb-draftTests";
				PRODUCT_NAME = "$(TARGET_NAME)";
				SWIFT_VERSION = 3.0;
				TEST_HOST = "$(BUILT_PRODUCTS_DIR)/mhxdb-draft.app/mhxdb-draft";
			};
			name = Release;
		};
/* End XCBuildConfiguration section */

/* Begin XCConfigurationList section */
		7BF2A62C1DBAD4370009C103 /* Build configuration list for PBXProject "mhxdb-draft" */ = {
			isa = XCConfigurationList;
			buildConfigurations = (
				7BF2A64C1DBAD4380009C103 /* Debug */,
				7BF2A64D1DBAD4380009C103 /* Release */,
			);
			defaultConfigurationIsVisible = 0;
			defaultConfigurationName = Release;
		};
		7BF2A64E1DBAD4380009C103 /* Build configuration list for PBXNativeTarget "mhxdb-draft" */ = {
			isa = XCConfigurationList;
			buildConfigurations = (
				7BF2A64F1DBAD4380009C103 /* Debug */,
				7BF2A6501DBAD4380009C103 /* Release */,
			);
			defaultConfigurationIsVisible = 0;
			defaultConfigurationName = Release;
		};
		7BF2A6511DBAD4380009C103 /* Build configuration list for PBXNativeTarget "mhxdb-draftTests" */ = {
			isa = XCConfigurationList;
			buildConfigurations = (
				7BF2A6521DBAD4380009C103 /* Debug */,
				7BF2A6531DBAD4380009C103 /* Release */,
			);
			defaultConfigurationIsVisible = 0;
			defaultConfigurationName = Release;
		};
/* End XCConfigurationList section */
	};
	rootObject = 7BF2A6291DBAD4370009C103 /* Project object */;
}
